
Microsoft Visual Studio Solution File, Format Version 12.00
# Visual Studio Version 16
VisualStudioVersion = 16.0.29215.179
MinimumVisualStudioVersion = 10.0.40219.1
Project("{FAE04EC0-301F-11D3-BF4B-00C04F79EFBC}") = "LeaugeofPlayer.Android", "LeaugeofPlayer\LeaugeofPlayer.Android\LeaugeofPlayer.Android.csproj", "{4602DBBF-10BC-4A61-850F-AE2EE9BAEA6A}"
EndProject
Project("{FAE04EC0-301F-11D3-BF4B-00C04F79EFBC}") = "LeaugeofPlayer.iOS", "LeaugeofPlayer\LeaugeofPlayer.iOS\LeaugeofPlayer.iOS.csproj", "{E9605A80-1BF9-49F5-BE1A-C637BB5534C5}"
EndProject
Project("{FAE04EC0-301F-11D3-BF4B-00C04F79EFBC}") = "LeaugeofPlayer.MobileAppService", "LeaugeofPlayer\LeaugeofPlayer.MobileAppService\LeaugeofPlayer.MobileAppService.csproj", "{C50549DB-97B7-4893-81B0-336D14441384}"
EndProject
Project("{FAE04EC0-301F-11D3-BF4B-00C04F79EFBC}") = "LeaugeofPlayer", "LeaugeofPlayer\LeaugeofPlayer\LeaugeofPlayer.csproj", "{39789BBE-9274-4B68-A3F3-9B838DB00050}"
EndProject
Global
	GlobalSection(SolutionConfigurationPlatforms) = preSolution
		Debug|Any CPU = Debug|Any CPU
		Debug|iPhone = Debug|iPhone
		Debug|iPhoneSimulator = Debug|iPhoneSimulator
		Release|Any CPU = Release|Any CPU
		Release|iPhone = Release|iPhone
		Release|iPhoneSimulator = Release|iPhoneSimulator
	EndGlobalSection
	GlobalSection(ProjectConfigurationPlatforms) = postSolution
		{4602DBBF-10BC-4A61-850F-AE2EE9BAEA6A}.Debug|Any CPU.ActiveCfg = Debug|Any CPU
		{4602DBBF-10BC-4A61-850F-AE2EE9BAEA6A}.Debug|Any CPU.Build.0 = Debug|Any CPU
		{4602DBBF-10BC-4A61-850F-AE2EE9BAEA6A}.Debug|Any CPU.Deploy.0 = Debug|Any CPU
		{4602DBBF-10BC-4A61-850F-AE2EE9BAEA6A}.Debug|iPhone.ActiveCfg = Debug|Any CPU
		{4602DBBF-10BC-4A61-850F-AE2EE9BAEA6A}.Debug|iPhone.Build.0 = Debug|Any CPU
		{4602DBBF-10BC-4A61-850F-AE2EE9BAEA6A}.Debug|iPhone.Deploy.0 = Debug|Any CPU
		{4602DBBF-10BC-4A61-850F-AE2EE9BAEA6A}.Debug|iPhoneSimulator.ActiveCfg = Debug|Any CPU
		{4602DBBF-10BC-4A61-850F-AE2EE9BAEA6A}.Debug|iPhoneSimulator.Build.0 = Debug|Any CPU
		{4602DBBF-10BC-4A61-850F-AE2EE9BAEA6A}.Debug|iPhoneSimulator.Deploy.0 = Debug|Any CPU
		{4602DBBF-10BC-4A61-850F-AE2EE9BAEA6A}.Release|Any CPU.ActiveCfg = Release|Any CPU
		{4602DBBF-10BC-4A61-850F-AE2EE9BAEA6A}.Release|Any CPU.Build.0 = Release|Any CPU
		{4602DBBF-10BC-4A61-850F-AE2EE9BAEA6A}.Release|Any CPU.Deploy.0 = Release|Any CPU
		{4602DBBF-10BC-4A61-850F-AE2EE9BAEA6A}.Release|iPhone.ActiveCfg = Release|Any CPU
		{4602DBBF-10BC-4A61-850F-AE2EE9BAEA6A}.Release|iPhone.Build.0 = Release|Any CPU
		{4602DBBF-10BC-4A61-850F-AE2EE9BAEA6A}.Release|iPhone.Deploy.0 = Release|Any CPU
		{4602DBBF-10BC-4A61-850F-AE2EE9BAEA6A}.Release|iPhoneSimulator.ActiveCfg = Release|Any CPU
		{4602DBBF-10BC-4A61-850F-AE2EE9BAEA6A}.Release|iPhoneSimulator.Build.0 = Release|Any CPU
		{4602DBBF-10BC-4A61-850F-AE2EE9BAEA6A}.Release|iPhoneSimulator.Deploy.0 = Release|Any CPU
		{E9605A80-1BF9-49F5-BE1A-C637BB5534C5}.Debug|Any CPU.ActiveCfg = Debug|iPhoneSimulator
		{E9605A80-1BF9-49F5-BE1A-C637BB5534C5}.Debug|Any CPU.Build.0 = Debug|iPhoneSimulator
		{E9605A80-1BF9-49F5-BE1A-C637BB5534C5}.Debug|Any CPU.Deploy.0 = Debug|iPhoneSimulator
		{E9605A80-1BF9-49F5-BE1A-C637BB5534C5}.Debug|iPhone.ActiveCfg = Debug|iPhone
		{E9605A80-1BF9-49F5-BE1A-C637BB5534C5}.Debug|iPhone.Build.0 = Debug|iPhone
		{E9605A80-1BF9-49F5-BE1A-C637BB5534C5}.Debug|iPhone.Deploy.0 = Debug|iPhone
		{E9605A80-1BF9-49F5-BE1A-C637BB5534C5}.Debug|iPhoneSimulator.ActiveCfg = Debug|iPhoneSimulator
		{E9605A80-1BF9-49F5-BE1A-C637BB5534C5}.Debug|iPhoneSimulator.Build.0 = Debug|iPhoneSimulator
		{E9605A80-1BF9-49F5-BE1A-C637BB5534C5}.Debug|iPhoneSimulator.Deploy.0 = Debug|iPhoneSimulator
		{E9605A80-1BF9-49F5-BE1A-C637BB5534C5}.Release|Any CPU.ActiveCfg = Release|iPhone
		{E9605A80-1BF9-49F5-BE1A-C637BB5534C5}.Release|Any CPU.Build.0 = Release|iPhone
		{E9605A80-1BF9-49F5-BE1A-C637BB5534C5}.Release|Any CPU.Deploy.0 = Release|iPhone
		{E9605A80-1BF9-49F5-BE1A-C637BB5534C5}.Release|iPhone.ActiveCfg = Release|iPhone
		{E9605A80-1BF9-49F5-BE1A-C637BB5534C5}.Release|iPhone.Build.0 = Release|iPhone
		{E9605A80-1BF9-49F5-BE1A-C637BB5534C5}.Release|iPhone.Deploy.0 = Release|iPhone
		{E9605A80-1BF9-49F5-BE1A-C637BB5534C5}.Release|iPhoneSimulator.ActiveCfg = Release|iPhoneSimulator
		{E9605A80-1BF9-49F5-BE1A-C637BB5534C5}.Release|iPhoneSimulator.Build.0 = Release|iPhoneSimulator
		{E9605A80-1BF9-49F5-BE1A-C637BB5534C5}.Release|iPhoneSimulator.Deploy.0 = Release|iPhoneSimulator
		{C50549DB-97B7-4893-81B0-336D14441384}.Debug|Any CPU.ActiveCfg = Debug|Any CPU
		{C50549DB-97B7-4893-81B0-336D14441384}.Debug|Any CPU.Build.0 = Debug|Any CPU
		{C50549DB-97B7-4893-81B0-336D14441384}.Debug|Any CPU.Deploy.0 = Debug|Any CPU
		{C50549DB-97B7-4893-81B0-336D14441384}.Debug|iPhone.ActiveCfg = Debug|Any CPU
		{C50549DB-97B7-4893-81B0-336D14441384}.Debug|iPhone.Build.0 = Debug|Any CPU
		{C50549DB-97B7-4893-81B0-336D14441384}.Debug|iPhone.Deploy.0 = Debug|Any CPU
		{C50549DB-97B7-4893-81B0-336D14441384}.Debug|iPhoneSimulator.ActiveCfg = Debug|Any CPU
		{C50549DB-97B7-4893-81B0-336D14441384}.Debug|iPhoneSimulator.Build.0 = Debug|Any CPU
		{C50549DB-97B7-4893-81B0-336D14441384}.Debug|iPhoneSimulator.Deploy.0 = Debug|Any CPU
		{C50549DB-97B7-4893-81B0-336D14441384}.Release|Any CPU.ActiveCfg = Release|Any CPU
		{C50549DB-97B7-4893-81B0-336D14441384}.Release|Any CPU.Build.0 = Release|Any CPU
		{C50549DB-97B7-4893-81B0-336D14441384}.Release|Any CPU.Deploy.0 = Release|Any CPU
		{C50549DB-97B7-4893-81B0-336D14441384}.Release|iPhone.ActiveCfg = Release|Any CPU
		{C50549DB-97B7-4893-81B0-336D14441384}.Release|iPhone.Build.0 = Release|Any CPU
		{C50549DB-97B7-4893-81B0-336D14441384}.Release|iPhone.Deploy.0 = Release|Any CPU
		{C50549DB-97B7-4893-81B0-336D14441384}.Release|iPhoneSimulator.ActiveCfg = Release|Any CPU
		{C50549DB-97B7-4893-81B0-336D14441384}.Release|iPhoneSimulator.Build.0 = Release|Any CPU
		{C50549DB-97B7-4893-81B0-336D14441384}.Release|iPhoneSimulator.Deploy.0 = Release|Any CPU
		{39789BBE-9274-4B68-A3F3-9B838DB00050}.Debug|Any CPU.ActiveCfg = Debug|Any CPU
		{39789BBE-9274-4B68-A3F3-9B838DB00050}.Debug|Any CPU.Build.0 = Debug|Any CPU
		{39789BBE-9274-4B68-A3F3-9B838DB00050}.Debug|Any CPU.Deploy.0 = Debug|Any CPU
		{39789BBE-9274-4B68-A3F3-9B838DB00050}.Debug|iPhone.ActiveCfg = Debug|Any CPU
		{39789BBE-9274-4B68-A3F3-9B838DB00050}.Debug|iPhone.Build.0 = Debug|Any CPU
		{39789BBE-9274-4B68-A3F3-9B838DB00050}.Debug|iPhone.Deploy.0 = Debug|Any CPU
		{39789BBE-9274-4B68-A3F3-9B838DB00050}.Debug|iPhoneSimulator.ActiveCfg = Debug|Any CPU
		{39789BBE-9274-4B68-A3F3-9B838DB00050}.Debug|iPhoneSimulator.Build.0 = Debug|Any CPU
		{39789BBE-9274-4B68-A3F3-9B838DB00050}.Debug|iPhoneSimulator.Deploy.0 = Debug|Any CPU
		{39789BBE-9274-4B68-A3F3-9B838DB00050}.Release|Any CPU.ActiveCfg = Release|Any CPU
		{39789BBE-9274-4B68-A3F3-9B838DB00050}.Release|Any CPU.Build.0 = Release|Any CPU
		{39789BBE-9274-4B68-A3F3-9B838DB00050}.Release|Any CPU.Deploy.0 = Release|Any CPU
		{39789BBE-9274-4B68-A3F3-9B838DB00050}.Release|iPhone.ActiveCfg = Release|Any CPU
		{39789BBE-9274-4B68-A3F3-9B838DB00050}.Release|iPhone.Build.0 = Release|Any CPU
		{39789BBE-9274-4B68-A3F3-9B838DB00050}.Release|iPhone.Deploy.0 = Release|Any CPU
		{39789BBE-9274-4B68-A3F3-9B838DB00050}.Release|iPhoneSimulator.ActiveCfg = Release|Any CPU
		{39789BBE-9274-4B68-A3F3-9B838DB00050}.Release|iPhoneSimulator.Build.0 = Release|Any CPU
		{39789BBE-9274-4B68-A3F3-9B838DB00050}.Release|iPhoneSimulator.Deploy.0 = Release|Any CPU
	EndGlobalSection
	GlobalSection(SolutionProperties) = preSolution
		HideSolutionNode = FALSE
	EndGlobalSection
	GlobalSection(ExtensibilityGlobals) = postSolution
		SolutionGuid = {0A451516-12E8-47AD-9F63-8A309FADBD15}
	EndGlobalSection
EndGlobal
